
Microsoft Visual Studio Solution File, Format Version 12.00
# Visual Studio 15
VisualStudioVersion = 15.0.28307.489
MinimumVisualStudioVersion = 10.0.40219.1
Project("{9A19103F-16F7-4668-BE54-9A1E7A4F7556}") = "What_A_Movie", "What_A_Movie\What_A_Movie.csproj", "{1C96D1B1-0FC7-42BA-9676-39FFE704B915}"
EndProject
Global
	GlobalSection(SolutionConfigurationPlatforms) = preSolution
		Debug|Any CPU = Debug|Any CPU
		Release|Any CPU = Release|Any CPU
	EndGlobalSection
	GlobalSection(ProjectConfigurationPlatforms) = postSolution
		{1C96D1B1-0FC7-42BA-9676-39FFE704B915}.Debug|Any CPU.ActiveCfg = Debug|Any CPU
		{1C96D1B1-0FC7-42BA-9676-39FFE704B915}.Debug|Any CPU.Build.0 = Debug|Any CPU
		{1C96D1B1-0FC7-42BA-9676-39FFE704B915}.Release|Any CPU.ActiveCfg = Release|Any CPU
		{1C96D1B1-0FC7-42BA-9676-39FFE704B915}.Release|Any CPU.Build.0 = Release|Any CPU
	EndGlobalSection
	GlobalSection(SolutionProperties) = preSolution
		HideSolutionNode = FALSE
	EndGlobalSection
	GlobalSection(ExtensibilityGlobals) = postSolution
		SolutionGuid = {0C94840B-B634-48A2-8393-2BA3118A1100}
	EndGlobalSection
EndGlobal
